
Microsoft Visual Studio Solution File, Format Version 11.00
# Visual Studio 2010
Project("{B373B46A-B089-44D7-96CA-CD150D098BC8}") = "compass_net", "compass_net\compass_net.rbproj", "{1EB28EAF-B493-4D9E-A9FE-1A7462371B11}"
EndProject
Project("{F2A71F9B-5D33-465A-A702-920D77279786}") = "CompassHost", "CompassHost\CompassHost.fsproj", "{EA9A7127-3887-4B16-A9E0-FBB9D492B085}"
EndProject
Project("{F5034706-568F-408A-B7B3-4D38C6DB8A32}") = "PScripts", "PScripts\PScripts.pssproj", "{9C7B9FAA-4753-45D2-B814-659A86FC41AC}"
EndProject
Project("{FAE04EC0-301F-11D3-BF4B-00C04F79EFBC}") = "TestWebApp", "TestWebApp\TestWebApp.csproj", "{333321D7-8DD9-439B-B429-0809C884CC7C}"
EndProject
Project("{FAE04EC0-301F-11D3-BF4B-00C04F79EFBC}") = "Compass.Commands", "Compass.Commands\Compass.Commands.csproj", "{2A0E0F55-9091-448D-998A-F628462C2F6C}"
EndProject
Project("{FAE04EC0-301F-11D3-BF4B-00C04F79EFBC}") = "CmdletTests", "..\test\CmdletTests\CmdletTests.csproj", "{46CAE3CC-B4C2-4ECD-BB71-83C14197DFFF}"
EndProject
Global
	GlobalSection(SolutionConfigurationPlatforms) = preSolution
		Debug|Any CPU = Debug|Any CPU
		Debug|x86 = Debug|x86
		Release|Any CPU = Release|Any CPU
		Release|x86 = Release|x86
	EndGlobalSection
	GlobalSection(ProjectConfigurationPlatforms) = postSolution
		{1EB28EAF-B493-4D9E-A9FE-1A7462371B11}.Debug|Any CPU.ActiveCfg = Debug|Any CPU
		{1EB28EAF-B493-4D9E-A9FE-1A7462371B11}.Debug|Any CPU.Build.0 = Debug|Any CPU
		{1EB28EAF-B493-4D9E-A9FE-1A7462371B11}.Debug|x86.ActiveCfg = Debug|Any CPU
		{1EB28EAF-B493-4D9E-A9FE-1A7462371B11}.Release|Any CPU.ActiveCfg = Release|Any CPU
		{1EB28EAF-B493-4D9E-A9FE-1A7462371B11}.Release|Any CPU.Build.0 = Release|Any CPU
		{1EB28EAF-B493-4D9E-A9FE-1A7462371B11}.Release|x86.ActiveCfg = Release|Any CPU
		{EA9A7127-3887-4B16-A9E0-FBB9D492B085}.Debug|Any CPU.ActiveCfg = Debug|Any CPU
		{EA9A7127-3887-4B16-A9E0-FBB9D492B085}.Debug|Any CPU.Build.0 = Debug|Any CPU
		{EA9A7127-3887-4B16-A9E0-FBB9D492B085}.Debug|x86.ActiveCfg = Debug|Any CPU
		{EA9A7127-3887-4B16-A9E0-FBB9D492B085}.Release|Any CPU.ActiveCfg = Release|Any CPU
		{EA9A7127-3887-4B16-A9E0-FBB9D492B085}.Release|Any CPU.Build.0 = Release|Any CPU
		{EA9A7127-3887-4B16-A9E0-FBB9D492B085}.Release|x86.ActiveCfg = Release|Any CPU
		{9C7B9FAA-4753-45D2-B814-659A86FC41AC}.Debug|Any CPU.ActiveCfg = Debug|x86
		{9C7B9FAA-4753-45D2-B814-659A86FC41AC}.Debug|x86.ActiveCfg = Debug|x86
		{9C7B9FAA-4753-45D2-B814-659A86FC41AC}.Debug|x86.Build.0 = Debug|x86
		{9C7B9FAA-4753-45D2-B814-659A86FC41AC}.Release|Any CPU.ActiveCfg = Release|x86
		{9C7B9FAA-4753-45D2-B814-659A86FC41AC}.Release|x86.ActiveCfg = Release|x86
		{9C7B9FAA-4753-45D2-B814-659A86FC41AC}.Release|x86.Build.0 = Release|x86
		{333321D7-8DD9-439B-B429-0809C884CC7C}.Debug|Any CPU.ActiveCfg = Debug|Any CPU
		{333321D7-8DD9-439B-B429-0809C884CC7C}.Debug|Any CPU.Build.0 = Debug|Any CPU
		{333321D7-8DD9-439B-B429-0809C884CC7C}.Debug|x86.ActiveCfg = Debug|Any CPU
		{333321D7-8DD9-439B-B429-0809C884CC7C}.Release|Any CPU.ActiveCfg = Release|Any CPU
		{333321D7-8DD9-439B-B429-0809C884CC7C}.Release|Any CPU.Build.0 = Release|Any CPU
		{333321D7-8DD9-439B-B429-0809C884CC7C}.Release|x86.ActiveCfg = Release|Any CPU
		{2A0E0F55-9091-448D-998A-F628462C2F6C}.Debug|Any CPU.ActiveCfg = Debug|Any CPU
		{2A0E0F55-9091-448D-998A-F628462C2F6C}.Debug|Any CPU.Build.0 = Debug|Any CPU
		{2A0E0F55-9091-448D-998A-F628462C2F6C}.Debug|x86.ActiveCfg = Debug|Any CPU
		{2A0E0F55-9091-448D-998A-F628462C2F6C}.Release|Any CPU.ActiveCfg = Release|Any CPU
		{2A0E0F55-9091-448D-998A-F628462C2F6C}.Release|Any CPU.Build.0 = Release|Any CPU
		{2A0E0F55-9091-448D-998A-F628462C2F6C}.Release|x86.ActiveCfg = Release|Any CPU
		{46CAE3CC-B4C2-4ECD-BB71-83C14197DFFF}.Debug|Any CPU.ActiveCfg = Debug|Any CPU
		{46CAE3CC-B4C2-4ECD-BB71-83C14197DFFF}.Debug|Any CPU.Build.0 = Debug|Any CPU
		{46CAE3CC-B4C2-4ECD-BB71-83C14197DFFF}.Debug|x86.ActiveCfg = Debug|Any CPU
		{46CAE3CC-B4C2-4ECD-BB71-83C14197DFFF}.Release|Any CPU.ActiveCfg = Release|Any CPU
		{46CAE3CC-B4C2-4ECD-BB71-83C14197DFFF}.Release|Any CPU.Build.0 = Release|Any CPU
		{46CAE3CC-B4C2-4ECD-BB71-83C14197DFFF}.Release|x86.ActiveCfg = Release|Any CPU
	EndGlobalSection
	GlobalSection(SolutionProperties) = preSolution
		HideSolutionNode = FALSE
	EndGlobalSection
EndGlobal
